{
    "_readme": [
        "This file locks the dependencies of your project to a known state",
        "Read more about it at https://getcomposer.org/doc/01-basic-usage.md#composer-lock-the-lock-file",
        "This file is @generated automatically"
    ],
    "hash": "d21c56f12245c3269d265748de8a53d4",
    "content-hash": "238b8de20f9f0bc9fe16d461eb5d4225",
    "packages": [
        {
            "name": "noondaysun/library_functions",
            "version": "dev-master",
            "source": {
                "type": "git",
                "url": "https://github.com/noondaysun/library_functions",
                "reference": "9b3110a2acca235233b69dfe86278258261a1dce"
            },
            "type": "library",
            "time": "2016-07-14 11:20:17"
        }
    ],
    "packages-dev": [],
    "aliases": [],
    "minimum-stability": "dev",
    "stability-flags": [],
    "prefer-stable": false,
    "prefer-lowest": false,
    "platform": {
        "php": "^7.0"
    },
    "platform-dev": []
}
