{
    "_readme": [
        "This file locks the dependencies of your project to a known state",
        "Read more about it at https://getcomposer.org/doc/01-basic-usage.md#composer-lock-the-lock-file",
        "This file is @generated automatically"
    ],
    "hash": "8f9912912197ee905c3f43874b0145bf",
    "content-hash": "238b8de20f9f0bc9fe16d461eb5d4225",
    "packages": [
        {
            "name": "noondaysun/library_functions",
            "version": "dev-master",
            "source": {
                "type": "git",
                "url": "https://github.com/noondaysun/library_functions",
                "reference": "2f6a99f5e52fc70e00d997232b25647221e8603e"
            },
            "type": "library",
            "time": "2016-09-14 11:14:32"
        }
    ],
    "packages-dev": [],
    "aliases": [],
    "minimum-stability": "dev",
    "stability-flags": [],
    "prefer-stable": false,
    "prefer-lowest": false,
    "platform": {
        "php": "^7.0"
    },
    "platform-dev": []
}
